// !$*UTF8*$!
{
	archiveVersion = 1;
	classes = {
	};
	objectVersion = 50;
	objects = {

/* Begin PBXBuildFile section */
		4C221E7F24BBA5D40030DB33 /* AppDelegate.swift in Sources */ = {isa = PBXBuildFile; fileRef = 4C221E7E24BBA5D40030DB33 /* AppDelegate.swift */; };
		4C221E8124BBA5D40030DB33 /* SceneDelegate.swift in Sources */ = {isa = PBXBuildFile; fileRef = 4C221E8024BBA5D40030DB33 /* SceneDelegate.swift */; };
		4C221E8324BBA5D40030DB33 /* ViewController.swift in Sources */ = {isa = PBXBuildFile; fileRef = 4C221E8224BBA5D40030DB33 /* ViewController.swift */; };
		4C221E8624BBA5D40030DB33 /* Main.storyboard in Resources */ = {isa = PBXBuildFile; fileRef = 4C221E8424BBA5D40030DB33 /* Main.storyboard */; };
		4C221E8924BBA5D40030DB33 /* State_Of_Mind.xcdatamodeld in Sources */ = {isa = PBXBuildFile; fileRef = 4C221E8724BBA5D40030DB33 /* State_Of_Mind.xcdatamodeld */; };
		4C221E8B24BBA5D60030DB33 /* Assets.xcassets in Resources */ = {isa = PBXBuildFile; fileRef = 4C221E8A24BBA5D60030DB33 /* Assets.xcassets */; };
		4C221E8E24BBA5D60030DB33 /* LaunchScreen.storyboard in Resources */ = {isa = PBXBuildFile; fileRef = 4C221E8C24BBA5D60030DB33 /* LaunchScreen.storyboard */; };
/* End PBXBuildFile section */

/* Begin PBXFileReference section */
		4C221E7B24BBA5D40030DB33 /* State Of Mind.app */ = {isa = PBXFileReference; explicitFileType = wrapper.application; includeInIndex = 0; path = "State Of Mind.app"; sourceTree = BUILT_PRODUCTS_DIR; };
		4C221E7E24BBA5D40030DB33 /* AppDelegate.swift */ = {isa = PBXFileReference; lastKnownFileType = sourcecode.swift; path = AppDelegate.swift; sourceTree = "<group>"; };
		4C221E8024BBA5D40030DB33 /* SceneDelegate.swift */ = {isa = PBXFileReference; lastKnownFileType = sourcecode.swift; path = SceneDelegate.swift; sourceTree = "<group>"; };
		4C221E8224BBA5D40030DB33 /* ViewController.swift */ = {isa = PBXFileReference; lastKnownFileType = sourcecode.swift; path = ViewController.swift; sourceTree = "<group>"; };
		4C221E8524BBA5D40030DB33 /* Base */ = {isa = PBXFileReference; lastKnownFileType = file.storyboard; name = Base; path = Base.lproj/Main.storyboard; sourceTree = "<group>"; };
		4C221E8824BBA5D40030DB33 /* State_Of_Mind.xcdatamodel */ = {isa = PBXFileReference; lastKnownFileType = wrapper.xcdatamodel; path = State_Of_Mind.xcdatamodel; sourceTree = "<group>"; };
		4C221E8A24BBA5D60030DB33 /* Assets.xcassets */ = {isa = PBXFileReference; lastKnownFileType = folder.assetcatalog; path = Assets.xcassets; sourceTree = "<group>"; };
		4C221E8D24BBA5D60030DB33 /* Base */ = {isa = PBXFileReference; lastKnownFileType = file.storyboard; name = Base; path = Base.lproj/LaunchScreen.storyboard; sourceTree = "<group>"; };
		4C221E8F24BBA5D60030DB33 /* Info.plist */ = {isa = PBXFileReference; lastKnownFileType = text.plist.xml; path = Info.plist; sourceTree = "<group>"; };
/* End PBXFileReference section */

/* Begin PBXFrameworksBuildPhase section */
		4C221E7824BBA5D40030DB33 /* Frameworks */ = {
			isa = PBXFrameworksBuildPhase;
			buildActionMask = 2147483647;
			files = (
			);
			runOnlyForDeploymentPostprocessing = 0;
		};
/* End PBXFrameworksBuildPhase section */

/* Begin PBXGroup section */
		4C221E7224BBA5D40030DB33 = {
			isa = PBXGroup;
			children = (
				4C221E7D24BBA5D40030DB33 /* State Of Mind */,
				4C221E7C24BBA5D40030DB33 /* Products */,
			);
			sourceTree = "<group>";
		};
		4C221E7C24BBA5D40030DB33 /* Products */ = {
			isa = PBXGroup;
			children = (
				4C221E7B24BBA5D40030DB33 /* State Of Mind.app */,
			);
			name = Products;
			sourceTree = "<group>";
		};
		4C221E7D24BBA5D40030DB33 /* State Of Mind */ = {
			isa = PBXGroup;
			children = (
				4C221E7E24BBA5D40030DB33 /* AppDelegate.swift */,
				4C221E8024BBA5D40030DB33 /* SceneDelegate.swift */,
				4C221E8224BBA5D40030DB33 /* ViewController.swift */,
				4C221E8424BBA5D40030DB33 /* Main.storyboard */,
				4C221E8A24BBA5D60030DB33 /* Assets.xcassets */,
				4C221E8C24BBA5D60030DB33 /* LaunchScreen.storyboard */,
				4C221E8F24BBA5D60030DB33 /* Info.plist */,
				4C221E8724BBA5D40030DB33 /* State_Of_Mind.xcdatamodeld */,
			);
			path = "State Of Mind";
			sourceTree = "<group>";
		};
/* End PBXGroup section */

/* Begin PBXNativeTarget section */
		4C221E7A24BBA5D40030DB33 /* State Of Mind */ = {
			isa = PBXNativeTarget;
			buildConfigurationList = 4C221E9224BBA5D60030DB33 /* Build configuration list for PBXNativeTarget "State Of Mind" */;
			buildPhases = (
				4C221E7724BBA5D40030DB33 /* Sources */,
				4C221E7824BBA5D40030DB33 /* Frameworks */,
				4C221E7924BBA5D40030DB33 /* Resources */,
			);
			buildRules = (
			);
			dependencies = (
			);
			name = "State Of Mind";
			productName = "State Of Mind";
			productReference = 4C221E7B24BBA5D40030DB33 /* State Of Mind.app */;
			productType = "com.apple.product-type.application";
		};
/* End PBXNativeTarget section */

/* Begin PBXProject section */
		4C221E7324BBA5D40030DB33 /* Project object */ = {
			isa = PBXProject;
			attributes = {
				LastSwiftUpdateCheck = 1150;
				LastUpgradeCheck = 1150;
				ORGANIZATIONNAME = Updatus;
				TargetAttributes = {
					4C221E7A24BBA5D40030DB33 = {
						CreatedOnToolsVersion = 11.5;
					};
				};
			};
			buildConfigurationList = 4C221E7624BBA5D40030DB33 /* Build configuration list for PBXProject "State Of Mind" */;
			compatibilityVersion = "Xcode 9.3";
			developmentRegion = en;
			hasScannedForEncodings = 0;
			knownRegions = (
				en,
				Base,
			);
			mainGroup = 4C221E7224BBA5D40030DB33;
			productRefGroup = 4C221E7C24BBA5D40030DB33 /* Products */;
			projectDirPath = "";
			projectRoot = "";
			targets = (
				4C221E7A24BBA5D40030DB33 /* State Of Mind */,
			);
		};
/* End PBXProject section */

/* Begin PBXResourcesBuildPhase section */
		4C221E7924BBA5D40030DB33 /* Resources */ = {
			isa = PBXResourcesBuildPhase;
			buildActionMask = 2147483647;
			files = (
				4C221E8E24BBA5D60030DB33 /* LaunchScreen.storyboard in Resources */,
				4C221E8B24BBA5D60030DB33 /* Assets.xcassets in Resources */,
				4C221E8624BBA5D40030DB33 /* Main.storyboard in Resources */,
			);
			runOnlyForDeploymentPostprocessing = 0;
		};
/* End PBXResourcesBuildPhase section */

/* Begin PBXSourcesBuildPhase section */
		4C221E7724BBA5D40030DB33 /* Sources */ = {
			isa = PBXSourcesBuildPhase;
			buildActionMask = 2147483647;
			files = (
				4C221E8324BBA5D40030DB33 /* ViewController.swift in Sources */,
				4C221E7F24BBA5D40030DB33 /* AppDelegate.swift in Sources */,
				4C221E8924BBA5D40030DB33 /* State_Of_Mind.xcdatamodeld in Sources */,
				4C221E8124BBA5D40030DB33 /* SceneDelegate.swift in Sources */,
			);
			runOnlyForDeploymentPostprocessing = 0;
		};
/* End PBXSourcesBuildPhase section */

/* Begin PBXVariantGroup section */
		4C221E8424BBA5D40030DB33 /* Main.storyboard */ = {
			isa = PBXVariantGroup;
			children = (
				4C221E8524BBA5D40030DB33 /* Base */,
			);
			name = Main.storyboard;
			sourceTree = "<group>";
		};
		4C221E8C24BBA5D60030DB33 /* LaunchScreen.storyboard */ = {
			isa = PBXVariantGroup;
			children = (
				4C221E8D24BBA5D60030DB33 /* Base */,
			);
			name = LaunchScreen.storyboard;
			sourceTree = "<group>";
		};
/* End PBXVariantGroup section */

/* Begin XCBuildConfiguration section */
		4C221E9024BBA5D60030DB33 /* Debug */ = {
			isa = XCBuildConfiguration;
			buildSettings = {
				ALWAYS_SEARCH_USER_PATHS = NO;
				CLANG_ANALYZER_NONNULL = YES;
				CLANG_ANALYZER_NUMBER_OBJECT_CONVERSION = YES_AGGRESSIVE;
				CLANG_CXX_LANGUAGE_STANDARD = "gnu++14";
				CLANG_CXX_LIBRARY = "libc++";
				CLANG_ENABLE_MODULES = YES;
				CLANG_ENABLE_OBJC_ARC = YES;
				CLANG_ENABLE_OBJC_WEAK = YES;
				CLANG_WARN_BLOCK_CAPTURE_AUTORELEASING = YES;
				CLANG_WARN_BOOL_CONVERSION = YES;
				CLANG_WARN_COMMA = YES;
				CLANG_WARN_CONSTANT_CONVERSION = YES;
				CLANG_WARN_DEPRECATED_OBJC_IMPLEMENTATIONS = YES;
				CLANG_WARN_DIRECT_OBJC_ISA_USAGE = YES_ERROR;
				CLANG_WARN_DOCUMENTATION_COMMENTS = YES;
				CLANG_WARN_EMPTY_BODY = YES;
				CLANG_WARN_ENUM_CONVERSION = YES;
				CLANG_WARN_INFINITE_RECURSION = YES;
				CLANG_WARN_INT_CONVERSION = YES;
				CLANG_WARN_NON_LITERAL_NULL_CONVERSION = YES;
				CLANG_WARN_OBJC_IMPLICIT_RETAIN_SELF = YES;
				CLANG_WARN_OBJC_LITERAL_CONVERSION = YES;
				CLANG_WARN_OBJC_ROOT_CLASS = YES_ERROR;
				CLANG_WARN_RANGE_LOOP_ANALYSIS = YES;
				CLANG_WARN_STRICT_PROTOTYPES = YES;
				CLANG_WARN_SUSPICIOUS_MOVE = YES;
				CLANG_WARN_UNGUARDED_AVAILABILITY = YES_AGGRESSIVE;
				CLANG_WARN_UNREACHABLE_CODE = YES;
				CLANG_WARN__DUPLICATE_METHOD_MATCH = YES;
				COPY_PHASE_STRIP = NO;
				DEBUG_INFORMATION_FORMAT = dwarf;
				ENABLE_STRICT_OBJC_MSGSEND = YES;
				ENABLE_TESTABILITY = YES;
				GCC_C_LANGUAGE_STANDARD = gnu11;
				GCC_DYNAMIC_NO_PIC = NO;
				GCC_NO_COMMON_BLOCKS = YES;
				GCC_OPTIMIZATION_LEVEL = 0;
				GCC_PREPROCESSOR_DEFINITIONS = (
					"DEBUG=1",
					"$(inherited)",
				);
				GCC_WARN_64_TO_32_BIT_CONVERSION = YES;
				GCC_WARN_ABOUT_RETURN_TYPE = YES_ERROR;
				GCC_WARN_UNDECLARED_SELECTOR = YES;
				GCC_WARN_UNINITIALIZED_AUTOS = YES_AGGRESSIVE;
				GCC_WARN_UNUSED_FUNCTION = YES;
				GCC_WARN_UNUSED_VARIABLE = YES;
				IPHONEOS_DEPLOYMENT_TARGET = 13.5;
				MTL_ENABLE_DEBUG_INFO = INCLUDE_SOURCE;
				MTL_FAST_MATH = YES;
				ONLY_ACTIVE_ARCH = YES;
				SDKROOT = iphoneos;
				SWIFT_ACTIVE_COMPILATION_CONDITIONS = DEBUG;
				SWIFT_OPTIMIZATION_LEVEL = "-Onone";
			};
			name = Debug;
		};
		4C221E9124BBA5D60030DB33 /* Release */ = {
			isa = XCBuildConfiguration;
			buildSettings = {
				ALWAYS_SEARCH_USER_PATHS = NO;
				CLANG_ANALYZER_NONNULL = YES;
				CLANG_ANALYZER_NUMBER_OBJECT_CONVERSION = YES_AGGRESSIVE;
				CLANG_CXX_LANGUAGE_STANDARD = "gnu++14";
				CLANG_CXX_LIBRARY = "libc++";
				CLANG_ENABLE_MODULES = YES;
				CLANG_ENABLE_OBJC_ARC = YES;
				CLANG_ENABLE_OBJC_WEAK = YES;
				CLANG_WARN_BLOCK_CAPTURE_AUTORELEASING = YES;
				CLANG_WARN_BOOL_CONVERSION = YES;
				CLANG_WARN_COMMA = YES;
				CLANG_WARN_CONSTANT_CONVERSION = YES;
				CLANG_WARN_DEPRECATED_OBJC_IMPLEMENTATIONS = YES;
				CLANG_WARN_DIRECT_OBJC_ISA_USAGE = YES_ERROR;
				CLANG_WARN_DOCUMENTATION_COMMENTS = YES;
				CLANG_WARN_EMPTY_BODY = YES;
				CLANG_WARN_ENUM_CONVERSION = YES;
				CLANG_WARN_INFINITE_RECURSION = YES;
				CLANG_WARN_INT_CONVERSION = YES;
				CLANG_WARN_NON_LITERAL_NULL_CONVERSION = YES;
				CLANG_WARN_OBJC_IMPLICIT_RETAIN_SELF = YES;
				CLANG_WARN_OBJC_LITERAL_CONVERSION = YES;
				CLANG_WARN_OBJC_ROOT_CLASS = YES_ERROR;
				CLANG_WARN_RANGE_LOOP_ANALYSIS = YES;
				CLANG_WARN_STRICT_PROTOTYPES = YES;
				CLANG_WARN_SUSPICIOUS_MOVE = YES;
				CLANG_WARN_UNGUARDED_AVAILABILITY = YES_AGGRESSIVE;
				CLANG_WARN_UNREACHABLE_CODE = YES;
				CLANG_WARN__DUPLICATE_METHOD_MATCH = YES;
				COPY_PHASE_STRIP = NO;
				DEBUG_INFORMATION_FORMAT = "dwarf-with-dsym";
				ENABLE_NS_ASSERTIONS = NO;
				ENABLE_STRICT_OBJC_MSGSEND = YES;
				GCC_C_LANGUAGE_STANDARD = gnu11;
				GCC_NO_COMMON_BLOCKS = YES;
				GCC_WARN_64_TO_32_BIT_CONVERSION = YES;
				GCC_WARN_ABOUT_RETURN_TYPE = YES_ERROR;
				GCC_WARN_UNDECLARED_SELECTOR = YES;
				GCC_WARN_UNINITIALIZED_AUTOS = YES_AGGRESSIVE;
				GCC_WARN_UNUSED_FUNCTION = YES;
				GCC_WARN_UNUSED_VARIABLE = YES;
				IPHONEOS_DEPLOYMENT_TARGET = 13.5;
				MTL_ENABLE_DEBUG_INFO = NO;
				MTL_FAST_MATH = YES;
				SDKROOT = iphoneos;
				SWIFT_COMPILATION_MODE = wholemodule;
				SWIFT_OPTIMIZATION_LEVEL = "-O";
				VALIDATE_PRODUCT = YES;
			};
			name = Release;
		};
		4C221E9324BBA5D60030DB33 /* Debug */ = {
			isa = XCBuildConfiguration;
			buildSettings = {
				ASSETCATALOG_COMPILER_APPICON_NAME = AppIcon;
				CODE_SIGN_STYLE = Automatic;
				INFOPLIST_FILE = "State Of Mind/Info.plist";
				LD_RUNPATH_SEARCH_PATHS = (
					"$(inherited)",
					"@executable_path/Frameworks",
				);
				PRODUCT_BUNDLE_IDENTIFIER = "updatus.ruchita.State-Of-Mind";
				PRODUCT_NAME = "$(TARGET_NAME)";
				SWIFT_VERSION = 5.0;
				TARGETED_DEVICE_FAMILY = "1,2";
			};
			name = Debug;
		};
		4C221E9424BBA5D60030DB33 /* Release */ = {
			isa = XCBuildConfiguration;
			buildSettings = {
				ASSETCATALOG_COMPILER_APPICON_NAME = AppIcon;
				CODE_SIGN_STYLE = Automatic;
				INFOPLIST_FILE = "State Of Mind/Info.plist";
				LD_RUNPATH_SEARCH_PATHS = (
					"$(inherited)",
					"@executable_path/Frameworks",
				);
				PRODUCT_BUNDLE_IDENTIFIER = "updatus.ruchita.State-Of-Mind";
				PRODUCT_NAME = "$(TARGET_NAME)";
				SWIFT_VERSION = 5.0;
				TARGETED_DEVICE_FAMILY = "1,2";
			};
			name = Release;
		};
/* End XCBuildConfiguration section */

/* Begin XCConfigurationList section */
		4C221E7624BBA5D40030DB33 /* Build configuration list for PBXProject "State Of Mind" */ = {
			isa = XCConfigurationList;
			buildConfigurations = (
				4C221E9024BBA5D60030DB33 /* Debug */,
				4C221E9124BBA5D60030DB33 /* Release */,
			);
			defaultConfigurationIsVisible = 0;
			defaultConfigurationName = Release;
		};
		4C221E9224BBA5D60030DB33 /* Build configuration list for PBXNativeTarget "State Of Mind" */ = {
			isa = XCConfigurationList;
			buildConfigurations = (
				4C221E9324BBA5D60030DB33 /* Debug */,
				4C221E9424BBA5D60030DB33 /* Release */,
			);
			defaultConfigurationIsVisible = 0;
			defaultConfigurationName = Release;
		};
/* End XCConfigurationList section */

/* Begin XCVersionGroup section */
		4C221E8724BBA5D40030DB33 /* State_Of_Mind.xcdatamodeld */ = {
			isa = XCVersionGroup;
			children = (
				4C221E8824BBA5D40030DB33 /* State_Of_Mind.xcdatamodel */,
			);
			currentVersion = 4C221E8824BBA5D40030DB33 /* State_Of_Mind.xcdatamodel */;
			path = State_Of_Mind.xcdatamodeld;
			sourceTree = "<group>";
			versionGroupType = wrapper.xcdatamodel;
		};
/* End XCVersionGroup section */
	};
	rootObject = 4C221E7324BBA5D40030DB33 /* Project object */;
}
